// !$*UTF8*$!
{
	archiveVersion = 1;
	classes = {
	};
	objectVersion = 46;
	objects = {

/* Begin PBXBuildFile section */
		5F2F451C1DC36C8000913393 /* CustomImageCell.m in Sources */ = {isa = PBXBuildFile; fileRef = 5F2F451A1DC36C8000913393 /* CustomImageCell.m */; };
		5F2F451D1DC36C8000913393 /* CustomImageCell.xib in Resources */ = {isa = PBXBuildFile; fileRef = 5F2F451B1DC36C8000913393 /* CustomImageCell.xib */; };
		5F2F45201DC3824700913393 /* IndexPath.m in Sources */ = {isa = PBXBuildFile; fileRef = 5F2F451F1DC3824700913393 /* IndexPath.m */; };
		5F32AEC11DBF3953006D2312 /* placeholder.png in Resources */ = {isa = PBXBuildFile; fileRef = 5F32AEC01DBF3953006D2312 /* placeholder.png */; };
		5F40A3741DBC718B00EE6BC9 /* ASLoginViewController.m in Sources */ = {isa = PBXBuildFile; fileRef = 5F40A3731DBC718B00EE6BC9 /* ASLoginViewController.m */; };
		5F40A3771DBC74B400EE6BC9 /* ASAccessToken.m in Sources */ = {isa = PBXBuildFile; fileRef = 5F40A3761DBC74B400EE6BC9 /* ASAccessToken.m */; };
		5F559C9B1DBB0788009C55C6 /* ASUser.m in Sources */ = {isa = PBXBuildFile; fileRef = 5F559C9A1DBB0788009C55C6 /* ASUser.m */; };
		5F6AD1EF1DB9D9400022B7F0 /* main.m in Sources */ = {isa = PBXBuildFile; fileRef = 5F6AD1EE1DB9D9400022B7F0 /* main.m */; };
		5F6AD1F21DB9D9400022B7F0 /* AppDelegate.m in Sources */ = {isa = PBXBuildFile; fileRef = 5F6AD1F11DB9D9400022B7F0 /* AppDelegate.m */; };
		5F6AD1F51DB9D9400022B7F0 /* ViewController.m in Sources */ = {isa = PBXBuildFile; fileRef = 5F6AD1F41DB9D9400022B7F0 /* ViewController.m */; };
		5F6AD1FA1DB9D9400022B7F0 /* Assets.xcassets in Resources */ = {isa = PBXBuildFile; fileRef = 5F6AD1F91DB9D9400022B7F0 /* Assets.xcassets */; };
		5F6AD2081DB9D9410022B7F0 /* APITestTests.m in Sources */ = {isa = PBXBuildFile; fileRef = 5F6AD2071DB9D9410022B7F0 /* APITestTests.m */; };
		5F6AD2131DB9D9410022B7F0 /* APITestUITests.m in Sources */ = {isa = PBXBuildFile; fileRef = 5F6AD2121DB9D9410022B7F0 /* APITestUITests.m */; };
		5F6AD2551DB9E92E0022B7F0 /* ASServerManager.m in Sources */ = {isa = PBXBuildFile; fileRef = 5F6AD2541DB9E92E0022B7F0 /* ASServerManager.m */; };
		5F6C787E1DBD4A58002C2F7F /* FirstViewController.m in Sources */ = {isa = PBXBuildFile; fileRef = 5F6C787D1DBD4A58002C2F7F /* FirstViewController.m */; };
		5FC91F6C1DC24A69002EBB3A /* ASFriendsPhotos.m in Sources */ = {isa = PBXBuildFile; fileRef = 5FC91F6A1DC24A69002EBB3A /* ASFriendsPhotos.m */; };
		5FC91F6D1DC24A69002EBB3A /* ASFriendsPhotos.xib in Resources */ = {isa = PBXBuildFile; fileRef = 5FC91F6B1DC24A69002EBB3A /* ASFriendsPhotos.xib */; };
		5FC91F751DC27119002EBB3A /* ID.m in Sources */ = {isa = PBXBuildFile; fileRef = 5FC91F741DC27119002EBB3A /* ID.m */; };
		5FF4DF051DBD4EB300E7C091 /* LaunchScreen.storyboard in Resources */ = {isa = PBXBuildFile; fileRef = 5FF4DF031DBD4EB300E7C091 /* LaunchScreen.storyboard */; };
		5FF4DF061DBD4EB300E7C091 /* Main.storyboard in Resources */ = {isa = PBXBuildFile; fileRef = 5FF4DF041DBD4EB300E7C091 /* Main.storyboard */; };
		5FF4DF0A1DBD50C700E7C091 /* CustomCell.m in Sources */ = {isa = PBXBuildFile; fileRef = 5FF4DF081DBD50C700E7C091 /* CustomCell.m */; };
		5FF4DF0B1DBD50C700E7C091 /* CustomCell.xib in Resources */ = {isa = PBXBuildFile; fileRef = 5FF4DF091DBD50C700E7C091 /* CustomCell.xib */; };
		67FA4A4B372B1C1E5456D393 /* libPods-APITest.a in Frameworks */ = {isa = PBXBuildFile; fileRef = 4277F1C6E9BA998817159CD4 /* libPods-APITest.a */; };
		9780AA2DE8A97EDF354400DA /* libPods-APITestTests.a in Frameworks */ = {isa = PBXBuildFile; fileRef = 3389F1483EAF38E899117D3D /* libPods-APITestTests.a */; };
		B69FB04B3AC006EE803C5627 /* libPods-APITestUITests.a in Frameworks */ = {isa = PBXBuildFile; fileRef = ED4B97732BB6B1BA4A2ACBF8 /* libPods-APITestUITests.a */; };
/* End PBXBuildFile section */

/* Begin PBXContainerItemProxy section */
		5F6AD2041DB9D9410022B7F0 /* PBXContainerItemProxy */ = {
			isa = PBXContainerItemProxy;
			containerPortal = 5F6AD1E21DB9D9400022B7F0 /* Project object */;
			proxyType = 1;
			remoteGlobalIDString = 5F6AD1E91DB9D9400022B7F0;
			remoteInfo = APITest;
		};
		5F6AD20F1DB9D9410022B7F0 /* PBXContainerItemProxy */ = {
			isa = PBXContainerItemProxy;
			containerPortal = 5F6AD1E21DB9D9400022B7F0 /* Project object */;
			proxyType = 1;
			remoteGlobalIDString = 5F6AD1E91DB9D9400022B7F0;
			remoteInfo = APITest;
		};
/* End PBXContainerItemProxy section */

/* Begin PBXFileReference section */
		11AECFA6496A6F9789768325 /* Pods-APITestTests.release.xcconfig */ = {isa = PBXFileReference; includeInIndex = 1; lastKnownFileType = text.xcconfig; name = "Pods-APITestTests.release.xcconfig"; path = "Pods/Target Support Files/Pods-APITestTests/Pods-APITestTests.release.xcconfig"; sourceTree = "<group>"; };
		16B9303FD9E870799D1570F7 /* Pods-APITest.release.xcconfig */ = {isa = PBXFileReference; includeInIndex = 1; lastKnownFileType = text.xcconfig; name = "Pods-APITest.release.xcconfig"; path = "Pods/Target Support Files/Pods-APITest/Pods-APITest.release.xcconfig"; sourceTree = "<group>"; };
		3389F1483EAF38E899117D3D /* libPods-APITestTests.a */ = {isa = PBXFileReference; explicitFileType = archive.ar; includeInIndex = 0; path = "libPods-APITestTests.a"; sourceTree = BUILT_PRODUCTS_DIR; };
		34CF7FBF71E3563574D30249 /* Pods-APITestTests.debug.xcconfig */ = {isa = PBXFileReference; includeInIndex = 1; lastKnownFileType = text.xcconfig; name = "Pods-APITestTests.debug.xcconfig"; path = "Pods/Target Support Files/Pods-APITestTests/Pods-APITestTests.debug.xcconfig"; sourceTree = "<group>"; };
		4030CB4EFBA37AB9F6748342 /* Pods-APITestUITests.debug.xcconfig */ = {isa = PBXFileReference; includeInIndex = 1; lastKnownFileType = text.xcconfig; name = "Pods-APITestUITests.debug.xcconfig"; path = "Pods/Target Support Files/Pods-APITestUITests/Pods-APITestUITests.debug.xcconfig"; sourceTree = "<group>"; };
		4277F1C6E9BA998817159CD4 /* libPods-APITest.a */ = {isa = PBXFileReference; explicitFileType = archive.ar; includeInIndex = 0; path = "libPods-APITest.a"; sourceTree = BUILT_PRODUCTS_DIR; };
		495D5B4F0CC4890D822E5053 /* Pods-APITestUITests.release.xcconfig */ = {isa = PBXFileReference; includeInIndex = 1; lastKnownFileType = text.xcconfig; name = "Pods-APITestUITests.release.xcconfig"; path = "Pods/Target Support Files/Pods-APITestUITests/Pods-APITestUITests.release.xcconfig"; sourceTree = "<group>"; };
		5F2F45191DC36C8000913393 /* CustomImageCell.h */ = {isa = PBXFileReference; fileEncoding = 4; lastKnownFileType = sourcecode.c.h; path = CustomImageCell.h; sourceTree = "<group>"; };
		5F2F451A1DC36C8000913393 /* CustomImageCell.m */ = {isa = PBXFileReference; fileEncoding = 4; lastKnownFileType = sourcecode.c.objc; path = CustomImageCell.m; sourceTree = "<group>"; };
		5F2F451B1DC36C8000913393 /* CustomImageCell.xib */ = {isa = PBXFileReference; fileEncoding = 4; lastKnownFileType = file.xib; path = CustomImageCell.xib; sourceTree = "<group>"; };
		5F2F451E1DC3824700913393 /* IndexPath.h */ = {isa = PBXFileReference; fileEncoding = 4; lastKnownFileType = sourcecode.c.h; path = IndexPath.h; sourceTree = "<group>"; };
		5F2F451F1DC3824700913393 /* IndexPath.m */ = {isa = PBXFileReference; fileEncoding = 4; lastKnownFileType = sourcecode.c.objc; path = IndexPath.m; sourceTree = "<group>"; };
		5F32AEC01DBF3953006D2312 /* placeholder.png */ = {isa = PBXFileReference; lastKnownFileType = image.png; path = placeholder.png; sourceTree = "<group>"; };
		5F40A3721DBC718B00EE6BC9 /* ASLoginViewController.h */ = {isa = PBXFileReference; fileEncoding = 4; lastKnownFileType = sourcecode.c.h; path = ASLoginViewController.h; sourceTree = "<group>"; };
		5F40A3731DBC718B00EE6BC9 /* ASLoginViewController.m */ = {isa = PBXFileReference; fileEncoding = 4; lastKnownFileType = sourcecode.c.objc; path = ASLoginViewController.m; sourceTree = "<group>"; };
		5F40A3751DBC74B400EE6BC9 /* ASAccessToken.h */ = {isa = PBXFileReference; fileEncoding = 4; lastKnownFileType = sourcecode.c.h; path = ASAccessToken.h; sourceTree = "<group>"; };
		5F40A3761DBC74B400EE6BC9 /* ASAccessToken.m */ = {isa = PBXFileReference; fileEncoding = 4; lastKnownFileType = sourcecode.c.objc; path = ASAccessToken.m; sourceTree = "<group>"; };
		5F559C991DBB0787009C55C6 /* ASUser.h */ = {isa = PBXFileReference; fileEncoding = 4; lastKnownFileType = sourcecode.c.h; path = ASUser.h; sourceTree = "<group>"; };
		5F559C9A1DBB0788009C55C6 /* ASUser.m */ = {isa = PBXFileReference; fileEncoding = 4; lastKnownFileType = sourcecode.c.objc; path = ASUser.m; sourceTree = "<group>"; };
		5F6AD1EA1DB9D9400022B7F0 /* APITest.app */ = {isa = PBXFileReference; explicitFileType = wrapper.application; includeInIndex = 0; path = APITest.app; sourceTree = BUILT_PRODUCTS_DIR; };
		5F6AD1EE1DB9D9400022B7F0 /* main.m */ = {isa = PBXFileReference; lastKnownFileType = sourcecode.c.objc; path = main.m; sourceTree = "<group>"; };
		5F6AD1F01DB9D9400022B7F0 /* AppDelegate.h */ = {isa = PBXFileReference; lastKnownFileType = sourcecode.c.h; path = AppDelegate.h; sourceTree = "<group>"; };
		5F6AD1F11DB9D9400022B7F0 /* AppDelegate.m */ = {isa = PBXFileReference; lastKnownFileType = sourcecode.c.objc; path = AppDelegate.m; sourceTree = "<group>"; };
		5F6AD1F31DB9D9400022B7F0 /* ViewController.h */ = {isa = PBXFileReference; lastKnownFileType = sourcecode.c.h; path = ViewController.h; sourceTree = "<group>"; };
		5F6AD1F41DB9D9400022B7F0 /* ViewController.m */ = {isa = PBXFileReference; lastKnownFileType = sourcecode.c.objc; path = ViewController.m; sourceTree = "<group>"; };
		5F6AD1F91DB9D9400022B7F0 /* Assets.xcassets */ = {isa = PBXFileReference; lastKnownFileType = folder.assetcatalog; path = Assets.xcassets; sourceTree = "<group>"; };
		5F6AD1FE1DB9D9410022B7F0 /* Info.plist */ = {isa = PBXFileReference; lastKnownFileType = text.plist.xml; path = Info.plist; sourceTree = "<group>"; };
		5F6AD2031DB9D9410022B7F0 /* APITestTests.xctest */ = {isa = PBXFileReference; explicitFileType = wrapper.cfbundle; includeInIndex = 0; path = APITestTests.xctest; sourceTree = BUILT_PRODUCTS_DIR; };
		5F6AD2071DB9D9410022B7F0 /* APITestTests.m */ = {isa = PBXFileReference; lastKnownFileType = sourcecode.c.objc; path = APITestTests.m; sourceTree = "<group>"; };
		5F6AD2091DB9D9410022B7F0 /* Info.plist */ = {isa = PBXFileReference; lastKnownFileType = text.plist.xml; path = Info.plist; sourceTree = "<group>"; };
		5F6AD20E1DB9D9410022B7F0 /* APITestUITests.xctest */ = {isa = PBXFileReference; explicitFileType = wrapper.cfbundle; includeInIndex = 0; path = APITestUITests.xctest; sourceTree = BUILT_PRODUCTS_DIR; };
		5F6AD2121DB9D9410022B7F0 /* APITestUITests.m */ = {isa = PBXFileReference; lastKnownFileType = sourcecode.c.objc; path = APITestUITests.m; sourceTree = "<group>"; };
		5F6AD2141DB9D9410022B7F0 /* Info.plist */ = {isa = PBXFileReference; lastKnownFileType = text.plist.xml; path = Info.plist; sourceTree = "<group>"; };
		5F6AD2531DB9E92E0022B7F0 /* ASServerManager.h */ = {isa = PBXFileReference; fileEncoding = 4; lastKnownFileType = sourcecode.c.h; path = ASServerManager.h; sourceTree = "<group>"; };
		5F6AD2541DB9E92E0022B7F0 /* ASServerManager.m */ = {isa = PBXFileReference; fileEncoding = 4; lastKnownFileType = sourcecode.c.objc; path = ASServerManager.m; sourceTree = "<group>"; };
		5F6C787C1DBD4A58002C2F7F /* FirstViewController.h */ = {isa = PBXFileReference; fileEncoding = 4; lastKnownFileType = sourcecode.c.h; path = FirstViewController.h; sourceTree = "<group>"; };
		5F6C787D1DBD4A58002C2F7F /* FirstViewController.m */ = {isa = PBXFileReference; fileEncoding = 4; lastKnownFileType = sourcecode.c.objc; path = FirstViewController.m; sourceTree = "<group>"; };
		5FC91F691DC24A69002EBB3A /* ASFriendsPhotos.h */ = {isa = PBXFileReference; fileEncoding = 4; lastKnownFileType = sourcecode.c.h; path = ASFriendsPhotos.h; sourceTree = "<group>"; };
		5FC91F6A1DC24A69002EBB3A /* ASFriendsPhotos.m */ = {isa = PBXFileReference; fileEncoding = 4; lastKnownFileType = sourcecode.c.objc; path = ASFriendsPhotos.m; sourceTree = "<group>"; };
		5FC91F6B1DC24A69002EBB3A /* ASFriendsPhotos.xib */ = {isa = PBXFileReference; fileEncoding = 4; lastKnownFileType = file.xib; path = ASFriendsPhotos.xib; sourceTree = "<group>"; };
		5FC91F731DC27119002EBB3A /* ID.h */ = {isa = PBXFileReference; fileEncoding = 4; lastKnownFileType = sourcecode.c.h; path = ID.h; sourceTree = "<group>"; };
		5FC91F741DC27119002EBB3A /* ID.m */ = {isa = PBXFileReference; fileEncoding = 4; lastKnownFileType = sourcecode.c.objc; path = ID.m; sourceTree = "<group>"; };
		5FF4DF031DBD4EB300E7C091 /* LaunchScreen.storyboard */ = {isa = PBXFileReference; fileEncoding = 4; lastKnownFileType = file.storyboard; path = LaunchScreen.storyboard; sourceTree = "<group>"; };
		5FF4DF041DBD4EB300E7C091 /* Main.storyboard */ = {isa = PBXFileReference; fileEncoding = 4; lastKnownFileType = file.storyboard; path = Main.storyboard; sourceTree = "<group>"; };
		5FF4DF071DBD50C700E7C091 /* CustomCell.h */ = {isa = PBXFileReference; fileEncoding = 4; lastKnownFileType = sourcecode.c.h; path = CustomCell.h; sourceTree = "<group>"; };
		5FF4DF081DBD50C700E7C091 /* CustomCell.m */ = {isa = PBXFileReference; fileEncoding = 4; lastKnownFileType = sourcecode.c.objc; path = CustomCell.m; sourceTree = "<group>"; };
		5FF4DF091DBD50C700E7C091 /* CustomCell.xib */ = {isa = PBXFileReference; fileEncoding = 4; lastKnownFileType = file.xib; path = CustomCell.xib; sourceTree = "<group>"; };
		91FC7E91FFE577DFE4C43CDA /* Pods-APITest.debug.xcconfig */ = {isa = PBXFileReference; includeInIndex = 1; lastKnownFileType = text.xcconfig; name = "Pods-APITest.debug.xcconfig"; path = "Pods/Target Support Files/Pods-APITest/Pods-APITest.debug.xcconfig"; sourceTree = "<group>"; };
		ED4B97732BB6B1BA4A2ACBF8 /* libPods-APITestUITests.a */ = {isa = PBXFileReference; explicitFileType = archive.ar; includeInIndex = 0; path = "libPods-APITestUITests.a"; sourceTree = BUILT_PRODUCTS_DIR; };
/* End PBXFileReference section */

/* Begin PBXFrameworksBuildPhase section */
		5F6AD1E71DB9D9400022B7F0 /* Frameworks */ = {
			isa = PBXFrameworksBuildPhase;
			buildActionMask = 2147483647;
			files = (
				67FA4A4B372B1C1E5456D393 /* libPods-APITest.a in Frameworks */,
			);
			runOnlyForDeploymentPostprocessing = 0;
		};
		5F6AD2001DB9D9410022B7F0 /* Frameworks */ = {
			isa = PBXFrameworksBuildPhase;
			buildActionMask = 2147483647;
			files = (
				9780AA2DE8A97EDF354400DA /* libPods-APITestTests.a in Frameworks */,
			);
			runOnlyForDeploymentPostprocessing = 0;
		};
		5F6AD20B1DB9D9410022B7F0 /* Frameworks */ = {
			isa = PBXFrameworksBuildPhase;
			buildActionMask = 2147483647;
			files = (
				B69FB04B3AC006EE803C5627 /* libPods-APITestUITests.a in Frameworks */,
			);
			runOnlyForDeploymentPostprocessing = 0;
		};
/* End PBXFrameworksBuildPhase section */

/* Begin PBXGroup section */
		33467FCCCD5207FCCBC45678 /* Frameworks */ = {
			isa = PBXGroup;
			children = (
				4277F1C6E9BA998817159CD4 /* libPods-APITest.a */,
				3389F1483EAF38E899117D3D /* libPods-APITestTests.a */,
				ED4B97732BB6B1BA4A2ACBF8 /* libPods-APITestUITests.a */,
			);
			name = Frameworks;
			sourceTree = "<group>";
		};
		5DE0C246604A68016BA39C4E /* Pods */ = {
			isa = PBXGroup;
			children = (
				91FC7E91FFE577DFE4C43CDA /* Pods-APITest.debug.xcconfig */,
				16B9303FD9E870799D1570F7 /* Pods-APITest.release.xcconfig */,
				34CF7FBF71E3563574D30249 /* Pods-APITestTests.debug.xcconfig */,
				11AECFA6496A6F9789768325 /* Pods-APITestTests.release.xcconfig */,
				4030CB4EFBA37AB9F6748342 /* Pods-APITestUITests.debug.xcconfig */,
				495D5B4F0CC4890D822E5053 /* Pods-APITestUITests.release.xcconfig */,
			);
			name = Pods;
			sourceTree = "<group>";
		};
		5F40A4171DBCF28600EE6BC9 /* Base.lproj */ = {
			isa = PBXGroup;
			children = (
			);
			name = Base.lproj;
			path = ../../../Users/antonsmirnov/Downloads/apitestnavigation/APITest/APITest/Base.lproj;
			sourceTree = "<group>";
		};
		5F6AD1E11DB9D9400022B7F0 = {
			isa = PBXGroup;
			children = (
				5F6AD1EC1DB9D9400022B7F0 /* APITest */,
				5F6AD2061DB9D9410022B7F0 /* APITestTests */,
				5F6AD2111DB9D9410022B7F0 /* APITestUITests */,
				5F6AD1EB1DB9D9400022B7F0 /* Products */,
				5DE0C246604A68016BA39C4E /* Pods */,
				33467FCCCD5207FCCBC45678 /* Frameworks */,
			);
			sourceTree = "<group>";
		};
		5F6AD1EB1DB9D9400022B7F0 /* Products */ = {
			isa = PBXGroup;
			children = (
				5F6AD1EA1DB9D9400022B7F0 /* APITest.app */,
				5F6AD2031DB9D9410022B7F0 /* APITestTests.xctest */,
				5F6AD20E1DB9D9410022B7F0 /* APITestUITests.xctest */,
			);
			name = Products;
			sourceTree = "<group>";
		};
		5F6AD1EC1DB9D9400022B7F0 /* APITest */ = {
			isa = PBXGroup;
			children = (
				5F6AD1F01DB9D9400022B7F0 /* AppDelegate.h */,
				5F6AD1F11DB9D9400022B7F0 /* AppDelegate.m */,
				5F6C787C1DBD4A58002C2F7F /* FirstViewController.h */,
				5F6C787D1DBD4A58002C2F7F /* FirstViewController.m */,
				5F6AD1F31DB9D9400022B7F0 /* ViewController.h */,
				5F6AD1F41DB9D9400022B7F0 /* ViewController.m */,
				5FC91F731DC27119002EBB3A /* ID.h */,
				5FC91F741DC27119002EBB3A /* ID.m */,
				5F6AD2531DB9E92E0022B7F0 /* ASServerManager.h */,
				5F6AD2541DB9E92E0022B7F0 /* ASServerManager.m */,
				5F559C991DBB0787009C55C6 /* ASUser.h */,
				5F559C9A1DBB0788009C55C6 /* ASUser.m */,
				5F40A3751DBC74B400EE6BC9 /* ASAccessToken.h */,
				5F40A3761DBC74B400EE6BC9 /* ASAccessToken.m */,
				5F40A3721DBC718B00EE6BC9 /* ASLoginViewController.h */,
				5F40A3731DBC718B00EE6BC9 /* ASLoginViewController.m */,
				5FF4DF071DBD50C700E7C091 /* CustomCell.h */,
				5FF4DF081DBD50C700E7C091 /* CustomCell.m */,
				5FF4DF091DBD50C700E7C091 /* CustomCell.xib */,
				5FC91F691DC24A69002EBB3A /* ASFriendsPhotos.h */,
				5FC91F6A1DC24A69002EBB3A /* ASFriendsPhotos.m */,
				5FC91F6B1DC24A69002EBB3A /* ASFriendsPhotos.xib */,
				5F2F45191DC36C8000913393 /* CustomImageCell.h */,
				5F2F451A1DC36C8000913393 /* CustomImageCell.m */,
				5F2F451B1DC36C8000913393 /* CustomImageCell.xib */,
				5F2F451E1DC3824700913393 /* IndexPath.h */,
				5F2F451F1DC3824700913393 /* IndexPath.m */,
				5FF4DF031DBD4EB300E7C091 /* LaunchScreen.storyboard */,
				5FF4DF041DBD4EB300E7C091 /* Main.storyboard */,
				5F40A4171DBCF28600EE6BC9 /* Base.lproj */,
				5F6AD1F91DB9D9400022B7F0 /* Assets.xcassets */,
				5F6AD1FE1DB9D9410022B7F0 /* Info.plist */,
				5F6AD1ED1DB9D9400022B7F0 /* Supporting Files */,
			);
			path = APITest;
			sourceTree = "<group>";
		};
		5F6AD1ED1DB9D9400022B7F0 /* Supporting Files */ = {
			isa = PBXGroup;
			children = (
				5F32AEC01DBF3953006D2312 /* placeholder.png */,
				5F6AD1EE1DB9D9400022B7F0 /* main.m */,
			);
			name = "Supporting Files";
			sourceTree = "<group>";
		};
		5F6AD2061DB9D9410022B7F0 /* APITestTests */ = {
			isa = PBXGroup;
			children = (
				5F6AD2071DB9D9410022B7F0 /* APITestTests.m */,
				5F6AD2091DB9D9410022B7F0 /* Info.plist */,
			);
			path = APITestTests;
			sourceTree = "<group>";
		};
		5F6AD2111DB9D9410022B7F0 /* APITestUITests */ = {
			isa = PBXGroup;
			children = (
				5F6AD2121DB9D9410022B7F0 /* APITestUITests.m */,
				5F6AD2141DB9D9410022B7F0 /* Info.plist */,
			);
			path = APITestUITests;
			sourceTree = "<group>";
		};
/* End PBXGroup section */

/* Begin PBXNativeTarget section */
		5F6AD1E91DB9D9400022B7F0 /* APITest */ = {
			isa = PBXNativeTarget;
			buildConfigurationList = 5F6AD2171DB9D9410022B7F0 /* Build configuration list for PBXNativeTarget "APITest" */;
			buildPhases = (
				DBF800255E6994D3CC1850BE /* [CP] Check Pods Manifest.lock */,
				5F6AD1E61DB9D9400022B7F0 /* Sources */,
				5F6AD1E71DB9D9400022B7F0 /* Frameworks */,
				5F6AD1E81DB9D9400022B7F0 /* Resources */,
				AC1AE3131495B21B4B49033E /* [CP] Embed Pods Frameworks */,
				B5748263F642EB020F9B88CB /* [CP] Copy Pods Resources */,
			);
			buildRules = (
			);
			dependencies = (
			);
			name = APITest;
			productName = APITest;
			productReference = 5F6AD1EA1DB9D9400022B7F0 /* APITest.app */;
			productType = "com.apple.product-type.application";
		};
		5F6AD2021DB9D9410022B7F0 /* APITestTests */ = {
			isa = PBXNativeTarget;
			buildConfigurationList = 5F6AD21A1DB9D9410022B7F0 /* Build configuration list for PBXNativeTarget "APITestTests" */;
			buildPhases = (
				9A708295609A25638C20749B /* [CP] Check Pods Manifest.lock */,
				5F6AD1FF1DB9D9410022B7F0 /* Sources */,
				5F6AD2001DB9D9410022B7F0 /* Frameworks */,
				5F6AD2011DB9D9410022B7F0 /* Resources */,
				FB4A31C4A10A0F85203FF348 /* [CP] Embed Pods Frameworks */,
				526F7F1ED3C67F7DFAE7D6D4 /* [CP] Copy Pods Resources */,
			);
			buildRules = (
			);
			dependencies = (
				5F6AD2051DB9D9410022B7F0 /* PBXTargetDependency */,
			);
			name = APITestTests;
			productName = APITestTests;
			productReference = 5F6AD2031DB9D9410022B7F0 /* APITestTests.xctest */;
			productType = "com.apple.product-type.bundle.unit-test";
		};
		5F6AD20D1DB9D9410022B7F0 /* APITestUITests */ = {
			isa = PBXNativeTarget;
			buildConfigurationList = 5F6AD21D1DB9D9410022B7F0 /* Build configuration list for PBXNativeTarget "APITestUITests" */;
			buildPhases = (
				471B0E716CF7927748DC7446 /* [CP] Check Pods Manifest.lock */,
				5F6AD20A1DB9D9410022B7F0 /* Sources */,
				5F6AD20B1DB9D9410022B7F0 /* Frameworks */,
				5F6AD20C1DB9D9410022B7F0 /* Resources */,
				18CF0D2FF515EEAEEF45D753 /* [CP] Embed Pods Frameworks */,
				D85EAFFC624DB7AB56CEB986 /* [CP] Copy Pods Resources */,
			);
			buildRules = (
			);
			dependencies = (
				5F6AD2101DB9D9410022B7F0 /* PBXTargetDependency */,
			);
			name = APITestUITests;
			productName = APITestUITests;
			productReference = 5F6AD20E1DB9D9410022B7F0 /* APITestUITests.xctest */;
			productType = "com.apple.product-type.bundle.ui-testing";
		};
/* End PBXNativeTarget section */

/* Begin PBXProject section */
		5F6AD1E21DB9D9400022B7F0 /* Project object */ = {
			isa = PBXProject;
			attributes = {
				LastUpgradeCheck = 0800;
				ORGANIZATIONNAME = "Антон  Смирнов";
				TargetAttributes = {
					5F6AD1E91DB9D9400022B7F0 = {
						CreatedOnToolsVersion = 8.0;
						DevelopmentTeam = 3Z7C2KG8T8;
						ProvisioningStyle = Automatic;
					};
					5F6AD2021DB9D9410022B7F0 = {
						CreatedOnToolsVersion = 8.0;
						ProvisioningStyle = Automatic;
						TestTargetID = 5F6AD1E91DB9D9400022B7F0;
					};
					5F6AD20D1DB9D9410022B7F0 = {
						CreatedOnToolsVersion = 8.0;
						ProvisioningStyle = Automatic;
						TestTargetID = 5F6AD1E91DB9D9400022B7F0;
					};
				};
			};
			buildConfigurationList = 5F6AD1E51DB9D9400022B7F0 /* Build configuration list for PBXProject "APITest" */;
			compatibilityVersion = "Xcode 3.2";
			developmentRegion = English;
			hasScannedForEncodings = 0;
			knownRegions = (
				en,
				Base,
			);
			mainGroup = 5F6AD1E11DB9D9400022B7F0;
			productRefGroup = 5F6AD1EB1DB9D9400022B7F0 /* Products */;
			projectDirPath = "";
			projectRoot = "";
			targets = (
				5F6AD1E91DB9D9400022B7F0 /* APITest */,
				5F6AD2021DB9D9410022B7F0 /* APITestTests */,
				5F6AD20D1DB9D9410022B7F0 /* APITestUITests */,
			);
		};
/* End PBXProject section */

/* Begin PBXResourcesBuildPhase section */
		5F6AD1E81DB9D9400022B7F0 /* Resources */ = {
			isa = PBXResourcesBuildPhase;
			buildActionMask = 2147483647;
			files = (
				5FF4DF061DBD4EB300E7C091 /* Main.storyboard in Resources */,
				5F2F451D1DC36C8000913393 /* CustomImageCell.xib in Resources */,
				5F6AD1FA1DB9D9400022B7F0 /* Assets.xcassets in Resources */,
				5FF4DF0B1DBD50C700E7C091 /* CustomCell.xib in Resources */,
				5F32AEC11DBF3953006D2312 /* placeholder.png in Resources */,
				5FC91F6D1DC24A69002EBB3A /* ASFriendsPhotos.xib in Resources */,
				5FF4DF051DBD4EB300E7C091 /* LaunchScreen.storyboard in Resources */,
			);
			runOnlyForDeploymentPostprocessing = 0;
		};
		5F6AD2011DB9D9410022B7F0 /* Resources */ = {
			isa = PBXResourcesBuildPhase;
			buildActionMask = 2147483647;
			files = (
			);
			runOnlyForDeploymentPostprocessing = 0;
		};
		5F6AD20C1DB9D9410022B7F0 /* Resources */ = {
			isa = PBXResourcesBuildPhase;
			buildActionMask = 2147483647;
			files = (
			);
			runOnlyForDeploymentPostprocessing = 0;
		};
/* End PBXResourcesBuildPhase section */

/* Begin PBXShellScriptBuildPhase section */
		18CF0D2FF515EEAEEF45D753 /* [CP] Embed Pods Frameworks */ = {
			isa = PBXShellScriptBuildPhase;
			buildActionMask = 2147483647;
			files = (
			);
			inputPaths = (
			);
			name = "[CP] Embed Pods Frameworks";
			outputPaths = (
			);
			runOnlyForDeploymentPostprocessing = 0;
			shellPath = /bin/sh;
			shellScript = "\"${SRCROOT}/Pods/Target Support Files/Pods-APITestUITests/Pods-APITestUITests-frameworks.sh\"\n";
			showEnvVarsInLog = 0;
		};
		471B0E716CF7927748DC7446 /* [CP] Check Pods Manifest.lock */ = {
			isa = PBXShellScriptBuildPhase;
			buildActionMask = 2147483647;
			files = (
			);
			inputPaths = (
			);
			name = "[CP] Check Pods Manifest.lock";
			outputPaths = (
			);
			runOnlyForDeploymentPostprocessing = 0;
			shellPath = /bin/sh;
			shellScript = "diff \"${PODS_ROOT}/../Podfile.lock\" \"${PODS_ROOT}/Manifest.lock\" > /dev/null\nif [ $? != 0 ] ; then\n    # print error to STDERR\n    echo \"error: The sandbox is not in sync with the Podfile.lock. Run 'pod install' or update your CocoaPods installation.\" >&2\n    exit 1\nfi\n";
			showEnvVarsInLog = 0;
		};
		526F7F1ED3C67F7DFAE7D6D4 /* [CP] Copy Pods Resources */ = {
			isa = PBXShellScriptBuildPhase;
			buildActionMask = 2147483647;
			files = (
			);
			inputPaths = (
			);
			name = "[CP] Copy Pods Resources";
			outputPaths = (
			);
			runOnlyForDeploymentPostprocessing = 0;
			shellPath = /bin/sh;
			shellScript = "\"${SRCROOT}/Pods/Target Support Files/Pods-APITestTests/Pods-APITestTests-resources.sh\"\n";
			showEnvVarsInLog = 0;
		};
		9A708295609A25638C20749B /* [CP] Check Pods Manifest.lock */ = {
			isa = PBXShellScriptBuildPhase;
			buildActionMask = 2147483647;
			files = (
			);
			inputPaths = (
			);
			name = "[CP] Check Pods Manifest.lock";
			outputPaths = (
			);
			runOnlyForDeploymentPostprocessing = 0;
			shellPath = /bin/sh;
			shellScript = "diff \"${PODS_ROOT}/../Podfile.lock\" \"${PODS_ROOT}/Manifest.lock\" > /dev/null\nif [ $? != 0 ] ; then\n    # print error to STDERR\n    echo \"error: The sandbox is not in sync with the Podfile.lock. Run 'pod install' or update your CocoaPods installation.\" >&2\n    exit 1\nfi\n";
			showEnvVarsInLog = 0;
		};
		AC1AE3131495B21B4B49033E /* [CP] Embed Pods Frameworks */ = {
			isa = PBXShellScriptBuildPhase;
			buildActionMask = 2147483647;
			files = (
			);
			inputPaths = (
			);
			name = "[CP] Embed Pods Frameworks";
			outputPaths = (
			);
			runOnlyForDeploymentPostprocessing = 0;
			shellPath = /bin/sh;
			shellScript = "\"${SRCROOT}/Pods/Target Support Files/Pods-APITest/Pods-APITest-frameworks.sh\"\n";
			showEnvVarsInLog = 0;
		};
		B5748263F642EB020F9B88CB /* [CP] Copy Pods Resources */ = {
			isa = PBXShellScriptBuildPhase;
			buildActionMask = 2147483647;
			files = (
			);
			inputPaths = (
			);
			name = "[CP] Copy Pods Resources";
			outputPaths = (
			);
			runOnlyForDeploymentPostprocessing = 0;
			shellPath = /bin/sh;
			shellScript = "\"${SRCROOT}/Pods/Target Support Files/Pods-APITest/Pods-APITest-resources.sh\"\n";
			showEnvVarsInLog = 0;
		};
		D85EAFFC624DB7AB56CEB986 /* [CP] Copy Pods Resources */ = {
			isa = PBXShellScriptBuildPhase;
			buildActionMask = 2147483647;
			files = (
			);
			inputPaths = (
			);
			name = "[CP] Copy Pods Resources";
			outputPaths = (
			);
			runOnlyForDeploymentPostprocessing = 0;
			shellPath = /bin/sh;
			shellScript = "\"${SRCROOT}/Pods/Target Support Files/Pods-APITestUITests/Pods-APITestUITests-resources.sh\"\n";
			showEnvVarsInLog = 0;
		};
		DBF800255E6994D3CC1850BE /* [CP] Check Pods Manifest.lock */ = {
			isa = PBXShellScriptBuildPhase;
			buildActionMask = 2147483647;
			files = (
			);
			inputPaths = (
			);
			name = "[CP] Check Pods Manifest.lock";
			outputPaths = (
			);
			runOnlyForDeploymentPostprocessing = 0;
			shellPath = /bin/sh;
			shellScript = "diff \"${PODS_ROOT}/../Podfile.lock\" \"${PODS_ROOT}/Manifest.lock\" > /dev/null\nif [ $? != 0 ] ; then\n    # print error to STDERR\n    echo \"error: The sandbox is not in sync with the Podfile.lock. Run 'pod install' or update your CocoaPods installation.\" >&2\n    exit 1\nfi\n";
			showEnvVarsInLog = 0;
		};
		FB4A31C4A10A0F85203FF348 /* [CP] Embed Pods Frameworks */ = {
			isa = PBXShellScriptBuildPhase;
			buildActionMask = 2147483647;
			files = (
			);
			inputPaths = (
			);
			name = "[CP] Embed Pods Frameworks";
			outputPaths = (
			);
			runOnlyForDeploymentPostprocessing = 0;
			shellPath = /bin/sh;
			shellScript = "\"${SRCROOT}/Pods/Target Support Files/Pods-APITestTests/Pods-APITestTests-frameworks.sh\"\n";
			showEnvVarsInLog = 0;
		};
/* End PBXShellScriptBuildPhase section */

/* Begin PBXSourcesBuildPhase section */
		5F6AD1E61DB9D9400022B7F0 /* Sources */ = {
			isa = PBXSourcesBuildPhase;
			buildActionMask = 2147483647;
			files = (
				5FC91F6C1DC24A69002EBB3A /* ASFriendsPhotos.m in Sources */,
				5F6C787E1DBD4A58002C2F7F /* FirstViewController.m in Sources */,
				5F2F45201DC3824700913393 /* IndexPath.m in Sources */,
				5F2F451C1DC36C8000913393 /* CustomImageCell.m in Sources */,
				5F6AD1F51DB9D9400022B7F0 /* ViewController.m in Sources */,
				5F6AD1F21DB9D9400022B7F0 /* AppDelegate.m in Sources */,
				5F559C9B1DBB0788009C55C6 /* ASUser.m in Sources */,
				5FF4DF0A1DBD50C700E7C091 /* CustomCell.m in Sources */,
				5F6AD1EF1DB9D9400022B7F0 /* main.m in Sources */,
				5FC91F751DC27119002EBB3A /* ID.m in Sources */,
				5F6AD2551DB9E92E0022B7F0 /* ASServerManager.m in Sources */,
				5F40A3771DBC74B400EE6BC9 /* ASAccessToken.m in Sources */,
				5F40A3741DBC718B00EE6BC9 /* ASLoginViewController.m in Sources */,
			);
			runOnlyForDeploymentPostprocessing = 0;
		};
		5F6AD1FF1DB9D9410022B7F0 /* Sources */ = {
			isa = PBXSourcesBuildPhase;
			buildActionMask = 2147483647;
			files = (
				5F6AD2081DB9D9410022B7F0 /* APITestTests.m in Sources */,
			);
			runOnlyForDeploymentPostprocessing = 0;
		};
		5F6AD20A1DB9D9410022B7F0 /* Sources */ = {
			isa = PBXSourcesBuildPhase;
			buildActionMask = 2147483647;
			files = (
				5F6AD2131DB9D9410022B7F0 /* APITestUITests.m in Sources */,
			);
			runOnlyForDeploymentPostprocessing = 0;
		};
/* End PBXSourcesBuildPhase section */

/* Begin PBXTargetDependency section */
		5F6AD2051DB9D9410022B7F0 /* PBXTargetDependency */ = {
			isa = PBXTargetDependency;
			target = 5F6AD1E91DB9D9400022B7F0 /* APITest */;
			targetProxy = 5F6AD2041DB9D9410022B7F0 /* PBXContainerItemProxy */;
		};
		5F6AD2101DB9D9410022B7F0 /* PBXTargetDependency */ = {
			isa = PBXTargetDependency;
			target = 5F6AD1E91DB9D9400022B7F0 /* APITest */;
			targetProxy = 5F6AD20F1DB9D9410022B7F0 /* PBXContainerItemProxy */;
		};
/* End PBXTargetDependency section */

/* Begin XCBuildConfiguration section */
		5F6AD2151DB9D9410022B7F0 /* Debug */ = {
			isa = XCBuildConfiguration;
			buildSettings = {
				ALWAYS_SEARCH_USER_PATHS = NO;
				CLANG_ANALYZER_NONNULL = YES;
				CLANG_CXX_LANGUAGE_STANDARD = "gnu++0x";
				CLANG_CXX_LIBRARY = "libc++";
				CLANG_ENABLE_MODULES = YES;
				CLANG_ENABLE_OBJC_ARC = YES;
				CLANG_WARN_BOOL_CONVERSION = YES;
				CLANG_WARN_CONSTANT_CONVERSION = YES;
				CLANG_WARN_DIRECT_OBJC_ISA_USAGE = YES_ERROR;
				CLANG_WARN_DOCUMENTATION_COMMENTS = YES;
				CLANG_WARN_EMPTY_BODY = YES;
				CLANG_WARN_ENUM_CONVERSION = YES;
				CLANG_WARN_INFINITE_RECURSION = YES;
				CLANG_WARN_INT_CONVERSION = YES;
				CLANG_WARN_OBJC_ROOT_CLASS = YES_ERROR;
				CLANG_WARN_SUSPICIOUS_MOVES = YES;
				CLANG_WARN_UNREACHABLE_CODE = YES;
				CLANG_WARN__DUPLICATE_METHOD_MATCH = YES;
				"CODE_SIGN_IDENTITY[sdk=iphoneos*]" = "iPhone Developer";
				COPY_PHASE_STRIP = NO;
				DEBUG_INFORMATION_FORMAT = dwarf;
				ENABLE_STRICT_OBJC_MSGSEND = YES;
				ENABLE_TESTABILITY = YES;
				GCC_C_LANGUAGE_STANDARD = gnu99;
				GCC_DYNAMIC_NO_PIC = NO;
				GCC_NO_COMMON_BLOCKS = YES;
				GCC_OPTIMIZATION_LEVEL = 0;
				GCC_PREPROCESSOR_DEFINITIONS = (
					"DEBUG=1",
					"$(inherited)",
				);
				GCC_WARN_64_TO_32_BIT_CONVERSION = YES;
				GCC_WARN_ABOUT_RETURN_TYPE = YES_ERROR;
				GCC_WARN_UNDECLARED_SELECTOR = YES;
				GCC_WARN_UNINITIALIZED_AUTOS = YES_AGGRESSIVE;
				GCC_WARN_UNUSED_FUNCTION = YES;
				GCC_WARN_UNUSED_VARIABLE = YES;
				IPHONEOS_DEPLOYMENT_TARGET = 10.0;
				MTL_ENABLE_DEBUG_INFO = YES;
				ONLY_ACTIVE_ARCH = YES;
				SDKROOT = iphoneos;
			};
			name = Debug;
		};
		5F6AD2161DB9D9410022B7F0 /* Release */ = {
			isa = XCBuildConfiguration;
			buildSettings = {
				ALWAYS_SEARCH_USER_PATHS = NO;
				CLANG_ANALYZER_NONNULL = YES;
				CLANG_CXX_LANGUAGE_STANDARD = "gnu++0x";
				CLANG_CXX_LIBRARY = "libc++";
				CLANG_ENABLE_MODULES = YES;
				CLANG_ENABLE_OBJC_ARC = YES;
				CLANG_WARN_BOOL_CONVERSION = YES;
				CLANG_WARN_CONSTANT_CONVERSION = YES;
				CLANG_WARN_DIRECT_OBJC_ISA_USAGE = YES_ERROR;
				CLANG_WARN_DOCUMENTATION_COMMENTS = YES;
				CLANG_WARN_EMPTY_BODY = YES;
				CLANG_WARN_ENUM_CONVERSION = YES;
				CLANG_WARN_INFINITE_RECURSION = YES;
				CLANG_WARN_INT_CONVERSION = YES;
				CLANG_WARN_OBJC_ROOT_CLASS = YES_ERROR;
				CLANG_WARN_SUSPICIOUS_MOVES = YES;
				CLANG_WARN_UNREACHABLE_CODE = YES;
				CLANG_WARN__DUPLICATE_METHOD_MATCH = YES;
				"CODE_SIGN_IDENTITY[sdk=iphoneos*]" = "iPhone Developer";
				COPY_PHASE_STRIP = NO;
				DEBUG_INFORMATION_FORMAT = "dwarf-with-dsym";
				ENABLE_NS_ASSERTIONS = NO;
				ENABLE_STRICT_OBJC_MSGSEND = YES;
				GCC_C_LANGUAGE_STANDARD = gnu99;
				GCC_NO_COMMON_BLOCKS = YES;
				GCC_WARN_64_TO_32_BIT_CONVERSION = YES;
				GCC_WARN_ABOUT_RETURN_TYPE = YES_ERROR;
				GCC_WARN_UNDECLARED_SELECTOR = YES;
				GCC_WARN_UNINITIALIZED_AUTOS = YES_AGGRESSIVE;
				GCC_WARN_UNUSED_FUNCTION = YES;
				GCC_WARN_UNUSED_VARIABLE = YES;
				IPHONEOS_DEPLOYMENT_TARGET = 10.0;
				MTL_ENABLE_DEBUG_INFO = NO;
				SDKROOT = iphoneos;
				VALIDATE_PRODUCT = YES;
			};
			name = Release;
		};
		5F6AD2181DB9D9410022B7F0 /* Debug */ = {
			isa = XCBuildConfiguration;
			baseConfigurationReference = 91FC7E91FFE577DFE4C43CDA /* Pods-APITest.debug.xcconfig */;
			buildSettings = {
				ASSETCATALOG_COMPILER_APPICON_NAME = AppIcon;
				CLANG_ENABLE_OBJC_ARC = YES;
				DEVELOPMENT_TEAM = 3Z7C2KG8T8;
				INFOPLIST_FILE = APITest/Info.plist;
				IPHONEOS_DEPLOYMENT_TARGET = 9.3;
				LD_RUNPATH_SEARCH_PATHS = "$(inherited) @executable_path/Frameworks";
				PRODUCT_BUNDLE_IDENTIFIER = AS.APITest;
				PRODUCT_NAME = "$(TARGET_NAME)";
			};
			name = Debug;
		};
		5F6AD2191DB9D9410022B7F0 /* Release */ = {
			isa = XCBuildConfiguration;
			baseConfigurationReference = 16B9303FD9E870799D1570F7 /* Pods-APITest.release.xcconfig */;
			buildSettings = {
				ASSETCATALOG_COMPILER_APPICON_NAME = AppIcon;
				CLANG_ENABLE_OBJC_ARC = YES;
				DEVELOPMENT_TEAM = 3Z7C2KG8T8;
				INFOPLIST_FILE = APITest/Info.plist;
				IPHONEOS_DEPLOYMENT_TARGET = 9.3;
				LD_RUNPATH_SEARCH_PATHS = "$(inherited) @executable_path/Frameworks";
				PRODUCT_BUNDLE_IDENTIFIER = AS.APITest;
				PRODUCT_NAME = "$(TARGET_NAME)";
			};
			name = Release;
		};
		5F6AD21B1DB9D9410022B7F0 /* Debug */ = {
			isa = XCBuildConfiguration;
			baseConfigurationReference = 34CF7FBF71E3563574D30249 /* Pods-APITestTests.debug.xcconfig */;
			buildSettings = {
				BUNDLE_LOADER = "$(TEST_HOST)";
				INFOPLIST_FILE = APITestTests/Info.plist;
				LD_RUNPATH_SEARCH_PATHS = "$(inherited) @executable_path/Frameworks @loader_path/Frameworks";
				PRODUCT_BUNDLE_IDENTIFIER = AS.APITestTests;
				PRODUCT_NAME = "$(TARGET_NAME)";
				TEST_HOST = "$(BUILT_PRODUCTS_DIR)/APITest.app/APITest";
			};
			name = Debug;
		};
		5F6AD21C1DB9D9410022B7F0 /* Release */ = {
			isa = XCBuildConfiguration;
			baseConfigurationReference = 11AECFA6496A6F9789768325 /* Pods-APITestTests.release.xcconfig */;
			buildSettings = {
				BUNDLE_LOADER = "$(TEST_HOST)";
				INFOPLIST_FILE = APITestTests/Info.plist;
				LD_RUNPATH_SEARCH_PATHS = "$(inherited) @executable_path/Frameworks @loader_path/Frameworks";
				PRODUCT_BUNDLE_IDENTIFIER = AS.APITestTests;
				PRODUCT_NAME = "$(TARGET_NAME)";
				TEST_HOST = "$(BUILT_PRODUCTS_DIR)/APITest.app/APITest";
			};
			name = Release;
		};
		5F6AD21E1DB9D9410022B7F0 /* Debug */ = {
			isa = XCBuildConfiguration;
			baseConfigurationReference = 4030CB4EFBA37AB9F6748342 /* Pods-APITestUITests.debug.xcconfig */;
			buildSettings = {
				INFOPLIST_FILE = APITestUITests/Info.plist;
				LD_RUNPATH_SEARCH_PATHS = "$(inherited) @executable_path/Frameworks @loader_path/Frameworks";
				PRODUCT_BUNDLE_IDENTIFIER = AS.APITestUITests;
				PRODUCT_NAME = "$(TARGET_NAME)";
				TEST_TARGET_NAME = APITest;
			};
			name = Debug;
		};
		5F6AD21F1DB9D9410022B7F0 /* Release */ = {
			isa = XCBuildConfiguration;
			baseConfigurationReference = 495D5B4F0CC4890D822E5053 /* Pods-APITestUITests.release.xcconfig */;
			buildSettings = {
				INFOPLIST_FILE = APITestUITests/Info.plist;
				LD_RUNPATH_SEARCH_PATHS = "$(inherited) @executable_path/Frameworks @loader_path/Frameworks";
				PRODUCT_BUNDLE_IDENTIFIER = AS.APITestUITests;
				PRODUCT_NAME = "$(TARGET_NAME)";
				TEST_TARGET_NAME = APITest;
			};
			name = Release;
		};
/* End XCBuildConfiguration section */

/* Begin XCConfigurationList section */
		5F6AD1E51DB9D9400022B7F0 /* Build configuration list for PBXProject "APITest" */ = {
			isa = XCConfigurationList;
			buildConfigurations = (
				5F6AD2151DB9D9410022B7F0 /* Debug */,
				5F6AD2161DB9D9410022B7F0 /* Release */,
			);
			defaultConfigurationIsVisible = 0;
			defaultConfigurationName = Release;
		};
		5F6AD2171DB9D9410022B7F0 /* Build configuration list for PBXNativeTarget "APITest" */ = {
			isa = XCConfigurationList;
			buildConfigurations = (
				5F6AD2181DB9D9410022B7F0 /* Debug */,
				5F6AD2191DB9D9410022B7F0 /* Release */,
			);
			defaultConfigurationIsVisible = 0;
			defaultConfigurationName = Release;
		};
		5F6AD21A1DB9D9410022B7F0 /* Build configuration list for PBXNativeTarget "APITestTests" */ = {
			isa = XCConfigurationList;
			buildConfigurations = (
				5F6AD21B1DB9D9410022B7F0 /* Debug */,
				5F6AD21C1DB9D9410022B7F0 /* Release */,
			);
			defaultConfigurationIsVisible = 0;
			defaultConfigurationName = Release;
		};
		5F6AD21D1DB9D9410022B7F0 /* Build configuration list for PBXNativeTarget "APITestUITests" */ = {
			isa = XCConfigurationList;
			buildConfigurations = (
				5F6AD21E1DB9D9410022B7F0 /* Debug */,
				5F6AD21F1DB9D9410022B7F0 /* Release */,
			);
			defaultConfigurationIsVisible = 0;
			defaultConfigurationName = Release;
		};
/* End XCConfigurationList section */
	};
	rootObject = 5F6AD1E21DB9D9400022B7F0 /* Project object */;
}
